
Microsoft Visual Studio Solution File, Format Version 12.00
# Visual Studio Version 16
VisualStudioVersion = 16.0.30907.101
MinimumVisualStudioVersion = 10.0.40219.1
Project("{9A19103F-16F7-4668-BE54-9A1E7A4F7556}") = "QueenAttack", "QueenAttack.csproj", "{3DB89E31-77E4-47C8-A4DD-0F5F493A421A}"
EndProject
Global
	GlobalSection(SolutionConfigurationPlatforms) = preSolution
		Debug|Any CPU = Debug|Any CPU
		Release|Any CPU = Release|Any CPU
	EndGlobalSection
	GlobalSection(ProjectConfigurationPlatforms) = postSolution
		{3DB89E31-77E4-47C8-A4DD-0F5F493A421A}.Debug|Any CPU.ActiveCfg = Debug|Any CPU
		{3DB89E31-77E4-47C8-A4DD-0F5F493A421A}.Debug|Any CPU.Build.0 = Debug|Any CPU
		{3DB89E31-77E4-47C8-A4DD-0F5F493A421A}.Release|Any CPU.ActiveCfg = Release|Any CPU
		{3DB89E31-77E4-47C8-A4DD-0F5F493A421A}.Release|Any CPU.Build.0 = Release|Any CPU
	EndGlobalSection
	GlobalSection(SolutionProperties) = preSolution
		HideSolutionNode = FALSE
	EndGlobalSection
	GlobalSection(ExtensibilityGlobals) = postSolution
		SolutionGuid = {A09DF5ED-789C-4780-B55E-CD5B6A5BF366}
	EndGlobalSection
EndGlobal
